
Microsoft Visual Studio Solution File, Format Version 12.00
Project("{FAE04EC0-301F-11D3-BF4B-00C04F79EFBC}") = "POCPicking", "POCPicking\POCPicking.csproj", "{C6160899-8610-4B54-A3F6-C08B279F7A60}"
EndProject
Global
	GlobalSection(SolutionConfigurationPlatforms) = preSolution
		Debug|Any CPU = Debug|Any CPU
		Release|Any CPU = Release|Any CPU
	EndGlobalSection
	GlobalSection(ProjectConfigurationPlatforms) = postSolution
		{C6160899-8610-4B54-A3F6-C08B279F7A60}.Debug|Any CPU.ActiveCfg = Debug|Any CPU
		{C6160899-8610-4B54-A3F6-C08B279F7A60}.Debug|Any CPU.Build.0 = Debug|Any CPU
		{C6160899-8610-4B54-A3F6-C08B279F7A60}.Release|Any CPU.ActiveCfg = Release|Any CPU
		{C6160899-8610-4B54-A3F6-C08B279F7A60}.Release|Any CPU.Build.0 = Release|Any CPU
	EndGlobalSection
EndGlobal
